
Microsoft Visual Studio Solution File, Format Version 12.00
# Visual Studio 15
VisualStudioVersion = 15.0.28307.136
MinimumVisualStudioVersion = 10.0.40219.1
Project("{FAE04EC0-301F-11D3-BF4B-00C04F79EFBC}") = "GuideTest", "GuideTestAPI\GuideTest.csproj", "{0F2CE37D-89EA-4385-A1D3-4136BB20DB2F}"
EndProject
Project("{FAE04EC0-301F-11D3-BF4B-00C04F79EFBC}") = "GuiteTestUnitTests", "GuiteTestUnitTests\GuiteTestUnitTests.csproj", "{A839B55C-3E47-4ABF-9229-C0A6BB2F9DC9}"
EndProject
Global
	GlobalSection(SolutionConfigurationPlatforms) = preSolution
		Debug|Any CPU = Debug|Any CPU
		Release|Any CPU = Release|Any CPU
	EndGlobalSection
	GlobalSection(ProjectConfigurationPlatforms) = postSolution
		{0F2CE37D-89EA-4385-A1D3-4136BB20DB2F}.Debug|Any CPU.ActiveCfg = Debug|Any CPU
		{0F2CE37D-89EA-4385-A1D3-4136BB20DB2F}.Debug|Any CPU.Build.0 = Debug|Any CPU
		{0F2CE37D-89EA-4385-A1D3-4136BB20DB2F}.Release|Any CPU.ActiveCfg = Release|Any CPU
		{0F2CE37D-89EA-4385-A1D3-4136BB20DB2F}.Release|Any CPU.Build.0 = Release|Any CPU
		{A839B55C-3E47-4ABF-9229-C0A6BB2F9DC9}.Debug|Any CPU.ActiveCfg = Debug|Any CPU
		{A839B55C-3E47-4ABF-9229-C0A6BB2F9DC9}.Debug|Any CPU.Build.0 = Debug|Any CPU
		{A839B55C-3E47-4ABF-9229-C0A6BB2F9DC9}.Release|Any CPU.ActiveCfg = Release|Any CPU
		{A839B55C-3E47-4ABF-9229-C0A6BB2F9DC9}.Release|Any CPU.Build.0 = Release|Any CPU
	EndGlobalSection
	GlobalSection(SolutionProperties) = preSolution
		HideSolutionNode = FALSE
	EndGlobalSection
	GlobalSection(ExtensibilityGlobals) = postSolution
		SolutionGuid = {9ED9A2FF-EA59-4B20-91D9-35CB1E4903BF}
	EndGlobalSection
EndGlobal
